// !$*UTF8*$!
{
	archiveVersion = 1;
	classes = {
	};
	objectVersion = 77;
	objects = {

/* Begin PBXBuildFile section */
		AB67CF412E305F40001115A9 /* Assets.xcassets in Resources */ = {isa = PBXBuildFile; fileRef = AB67CF3B2E305F40001115A9 /* Assets.xcassets */; };
		AB67CF422E305F40001115A9 /* ContentView.swift in Sources */ = {isa = PBXBuildFile; fileRef = AB67CF3C2E305F40001115A9 /* ContentView.swift */; };
		AB67CF432E305F40001115A9 /* FirCounselingCheckinApp.swift in Sources */ = {isa = PBXBuildFile; fileRef = AB67CF3E2E305F40001115A9 /* FirCounselingCheckinApp.swift */; };
		AB67CF442E305F40001115A9 /* Item.swift in Sources */ = {isa = PBXBuildFile; fileRef = AB67CF3F2E305F40001115A9 /* Item.swift */; };
		AB67CF472E305F42001115A9 /* FirCounselingCheckinTests.swift in Sources */ = {isa = PBXBuildFile; fileRef = AB67CF452E305F42001115A9 /* FirCounselingCheckinTests.swift */; };
		AB67CF4B2E305F44001115A9 /* FirCounselingCheckinUITests.swift in Sources */ = {isa = PBXBuildFile; fileRef = AB67CF482E305F44001115A9 /* FirCounselingCheckinUITests.swift */; };
		AB67CF4C2E305F44001115A9 /* FirCounselingCheckinUITestsLaunchTests.swift in Sources */ = {isa = PBXBuildFile; fileRef = AB67CF492E305F44001115A9 /* FirCounselingCheckinUITestsLaunchTests.swift */; };
/* End PBXBuildFile section */

/* Begin PBXContainerItemProxy section */
		AB67CF1F2E305EE1001115A9 /* PBXContainerItemProxy */ = {
			isa = PBXContainerItemProxy;
			containerPortal = AB67CF062E305EDF001115A9 /* Project object */;
			proxyType = 1;
			remoteGlobalIDString = AB67CF0D2E305EDF001115A9;
			remoteInfo = FirCounselingCheckin;
		};
		AB67CF292E305EE1001115A9 /* PBXContainerItemProxy */ = {
			isa = PBXContainerItemProxy;
			containerPortal = AB67CF062E305EDF001115A9 /* Project object */;
			proxyType = 1;
			remoteGlobalIDString = AB67CF0D2E305EDF001115A9;
			remoteInfo = FirCounselingCheckin;
		};
/* End PBXContainerItemProxy section */

/* Begin PBXFileReference section */
		AB67CF0E2E305EDF001115A9 /* FirCounselingCheckin.app */ = {isa = PBXFileReference; explicitFileType = wrapper.application; includeInIndex = 0; path = FirCounselingCheckin.app; sourceTree = BUILT_PRODUCTS_DIR; };
		AB67CF1E2E305EE1001115A9 /* FirCounselingCheckinTests.xctest */ = {isa = PBXFileReference; explicitFileType = wrapper.cfbundle; includeInIndex = 0; path = FirCounselingCheckinTests.xctest; sourceTree = BUILT_PRODUCTS_DIR; };
		AB67CF282E305EE1001115A9 /* FirCounselingCheckinUITests.xctest */ = {isa = PBXFileReference; explicitFileType = wrapper.cfbundle; includeInIndex = 0; path = FirCounselingCheckinUITests.xctest; sourceTree = BUILT_PRODUCTS_DIR; };
		AB67CF3B2E305F40001115A9 /* Assets.xcassets */ = {isa = PBXFileReference; lastKnownFileType = folder.assetcatalog; path = Assets.xcassets; sourceTree = "<group>"; };
		AB67CF3C2E305F40001115A9 /* ContentView.swift */ = {isa = PBXFileReference; lastKnownFileType = sourcecode.swift; path = ContentView.swift; sourceTree = "<group>"; };
		AB67CF3D2E305F40001115A9 /* FirCounselingCheckin.entitlements */ = {isa = PBXFileReference; lastKnownFileType = text.plist.entitlements; path = FirCounselingCheckin.entitlements; sourceTree = "<group>"; };
		AB67CF3E2E305F40001115A9 /* FirCounselingCheckinApp.swift */ = {isa = PBXFileReference; lastKnownFileType = sourcecode.swift; path = FirCounselingCheckinApp.swift; sourceTree = "<group>"; };
		AB67CF3F2E305F40001115A9 /* Item.swift */ = {isa = PBXFileReference; lastKnownFileType = sourcecode.swift; path = Item.swift; sourceTree = "<group>"; };
		AB67CF452E305F42001115A9 /* FirCounselingCheckinTests.swift */ = {isa = PBXFileReference; lastKnownFileType = sourcecode.swift; path = FirCounselingCheckinTests.swift; sourceTree = "<group>"; };
		AB67CF482E305F44001115A9 /* FirCounselingCheckinUITests.swift */ = {isa = PBXFileReference; lastKnownFileType = sourcecode.swift; path = FirCounselingCheckinUITests.swift; sourceTree = "<group>"; };
		AB67CF492E305F44001115A9 /* FirCounselingCheckinUITestsLaunchTests.swift */ = {isa = PBXFileReference; lastKnownFileType = sourcecode.swift; path = FirCounselingCheckinUITestsLaunchTests.swift; sourceTree = "<group>"; };
/* End PBXFileReference section */

/* Begin PBXFrameworksBuildPhase section */
		AB67CF0B2E305EDF001115A9 /* Frameworks */ = {
			isa = PBXFrameworksBuildPhase;
			buildActionMask = 2147483647;
			files = (
			);
			runOnlyForDeploymentPostprocessing = 0;
		};
		AB67CF1B2E305EE1001115A9 /* Frameworks */ = {
			isa = PBXFrameworksBuildPhase;
			buildActionMask = 2147483647;
			files = (
			);
			runOnlyForDeploymentPostprocessing = 0;
		};
		AB67CF252E305EE1001115A9 /* Frameworks */ = {
			isa = PBXFrameworksBuildPhase;
			buildActionMask = 2147483647;
			files = (
			);
			runOnlyForDeploymentPostprocessing = 0;
		};
/* End PBXFrameworksBuildPhase section */

/* Begin PBXGroup section */
		AB67CF052E305EDF001115A9 = {
			isa = PBXGroup;
			children = (
				AB67CF402E305F40001115A9 /* FirCounselingCheckin */,
				AB67CF462E305F42001115A9 /* FirCounselingCheckinTests */,
				AB67CF4A2E305F44001115A9 /* FirCounselingCheckinUITests */,
				AB67CF0F2E305EDF001115A9 /* Products */,
			);
			sourceTree = "<group>";
		};
		AB67CF0F2E305EDF001115A9 /* Products */ = {
			isa = PBXGroup;
			children = (
				AB67CF0E2E305EDF001115A9 /* FirCounselingCheckin.app */,
				AB67CF1E2E305EE1001115A9 /* FirCounselingCheckinTests.xctest */,
				AB67CF282E305EE1001115A9 /* FirCounselingCheckinUITests.xctest */,
			);
			name = Products;
			sourceTree = "<group>";
		};
		AB67CF402E305F40001115A9 /* FirCounselingCheckin */ = {
			isa = PBXGroup;
			children = (
				AB67CF3D2E305F40001115A9 /* FirCounselingCheckin.entitlements */,
				AB67CF3E2E305F40001115A9 /* FirCounselingCheckinApp.swift */,
				AB67CF4E2E305FA0001115A9 /* views */,
				AB67CF4F2E305FA7001115A9 /* model */,
				AB67CF4D2E305F88001115A9 /* assets */,
			);
			path = FirCounselingCheckin;
			sourceTree = "<group>";
		};
		AB67CF462E305F42001115A9 /* FirCounselingCheckinTests */ = {
			isa = PBXGroup;
			children = (
				AB67CF452E305F42001115A9 /* FirCounselingCheckinTests.swift */,
			);
			path = FirCounselingCheckinTests;
			sourceTree = "<group>";
		};
		AB67CF4A2E305F44001115A9 /* FirCounselingCheckinUITests */ = {
			isa = PBXGroup;
			children = (
				AB67CF482E305F44001115A9 /* FirCounselingCheckinUITests.swift */,
				AB67CF492E305F44001115A9 /* FirCounselingCheckinUITestsLaunchTests.swift */,
			);
			path = FirCounselingCheckinUITests;
			sourceTree = "<group>";
		};
		AB67CF4D2E305F88001115A9 /* assets */ = {
			isa = PBXGroup;
			children = (
				AB67CF3B2E305F40001115A9 /* Assets.xcassets */,
			);
			path = assets;
			sourceTree = "<group>";
		};
		AB67CF4E2E305FA0001115A9 /* views */ = {
			isa = PBXGroup;
			children = (
				AB67CF3C2E305F40001115A9 /* ContentView.swift */,
			);
			path = views;
			sourceTree = "<group>";
		};
		AB67CF4F2E305FA7001115A9 /* model */ = {
			isa = PBXGroup;
			children = (
				AB67CF3F2E305F40001115A9 /* Item.swift */,
			);
			path = model;
			sourceTree = "<group>";
		};
/* End PBXGroup section */

/* Begin PBXNativeTarget section */
		AB67CF0D2E305EDF001115A9 /* FirCounselingCheckin */ = {
			isa = PBXNativeTarget;
			buildConfigurationList = AB67CF322E305EE1001115A9 /* Build configuration list for PBXNativeTarget "FirCounselingCheckin" */;
			buildPhases = (
				AB67CF0A2E305EDF001115A9 /* Sources */,
				AB67CF0B2E305EDF001115A9 /* Frameworks */,
				AB67CF0C2E305EDF001115A9 /* Resources */,
			);
			buildRules = (
			);
			dependencies = (
			);
			name = FirCounselingCheckin;
			packageProductDependencies = (
			);
			productName = FirCounselingCheckin;
			productReference = AB67CF0E2E305EDF001115A9 /* FirCounselingCheckin.app */;
			productType = "com.apple.product-type.application";
		};
		AB67CF1D2E305EE1001115A9 /* FirCounselingCheckinTests */ = {
			isa = PBXNativeTarget;
			buildConfigurationList = AB67CF352E305EE1001115A9 /* Build configuration list for PBXNativeTarget "FirCounselingCheckinTests" */;
			buildPhases = (
				AB67CF1A2E305EE1001115A9 /* Sources */,
				AB67CF1B2E305EE1001115A9 /* Frameworks */,
				AB67CF1C2E305EE1001115A9 /* Resources */,
			);
			buildRules = (
			);
			dependencies = (
				AB67CF202E305EE1001115A9 /* PBXTargetDependency */,
			);
			name = FirCounselingCheckinTests;
			packageProductDependencies = (
			);
			productName = FirCounselingCheckinTests;
			productReference = AB67CF1E2E305EE1001115A9 /* FirCounselingCheckinTests.xctest */;
			productType = "com.apple.product-type.bundle.unit-test";
		};
		AB67CF272E305EE1001115A9 /* FirCounselingCheckinUITests */ = {
			isa = PBXNativeTarget;
			buildConfigurationList = AB67CF382E305EE1001115A9 /* Build configuration list for PBXNativeTarget "FirCounselingCheckinUITests" */;
			buildPhases = (
				AB67CF242E305EE1001115A9 /* Sources */,
				AB67CF252E305EE1001115A9 /* Frameworks */,
				AB67CF262E305EE1001115A9 /* Resources */,
			);
			buildRules = (
			);
			dependencies = (
				AB67CF2A2E305EE1001115A9 /* PBXTargetDependency */,
			);
			name = FirCounselingCheckinUITests;
			packageProductDependencies = (
			);
			productName = FirCounselingCheckinUITests;
			productReference = AB67CF282E305EE1001115A9 /* FirCounselingCheckinUITests.xctest */;
			productType = "com.apple.product-type.bundle.ui-testing";
		};
/* End PBXNativeTarget section */

/* Begin PBXProject section */
		AB67CF062E305EDF001115A9 /* Project object */ = {
			isa = PBXProject;
			attributes = {
				BuildIndependentTargetsInParallel = 1;
				LastSwiftUpdateCheck = 1640;
				LastUpgradeCheck = 1640;
				TargetAttributes = {
					AB67CF0D2E305EDF001115A9 = {
						CreatedOnToolsVersion = 16.4;
					};
					AB67CF1D2E305EE1001115A9 = {
						CreatedOnToolsVersion = 16.4;
						TestTargetID = AB67CF0D2E305EDF001115A9;
					};
					AB67CF272E305EE1001115A9 = {
						CreatedOnToolsVersion = 16.4;
						TestTargetID = AB67CF0D2E305EDF001115A9;
					};
				};
			};
			buildConfigurationList = AB67CF092E305EDF001115A9 /* Build configuration list for PBXProject "FirCounselingCheckin" */;
			developmentRegion = en;
			hasScannedForEncodings = 0;
			knownRegions = (
				en,
				Base,
			);
			mainGroup = AB67CF052E305EDF001115A9;
			minimizedProjectReferenceProxies = 1;
			preferredProjectObjectVersion = 77;
			productRefGroup = AB67CF0F2E305EDF001115A9 /* Products */;
			projectDirPath = "";
			projectRoot = "";
			targets = (
				AB67CF0D2E305EDF001115A9 /* FirCounselingCheckin */,
				AB67CF1D2E305EE1001115A9 /* FirCounselingCheckinTests */,
				AB67CF272E305EE1001115A9 /* FirCounselingCheckinUITests */,
			);
		};
/* End PBXProject section */

/* Begin PBXResourcesBuildPhase section */
		AB67CF0C2E305EDF001115A9 /* Resources */ = {
			isa = PBXResourcesBuildPhase;
			buildActionMask = 2147483647;
			files = (
				AB67CF412E305F40001115A9 /* Assets.xcassets in Resources */,
			);
			runOnlyForDeploymentPostprocessing = 0;
		};
		AB67CF1C2E305EE1001115A9 /* Resources */ = {
			isa = PBXResourcesBuildPhase;
			buildActionMask = 2147483647;
			files = (
			);
			runOnlyForDeploymentPostprocessing = 0;
		};
		AB67CF262E305EE1001115A9 /* Resources */ = {
			isa = PBXResourcesBuildPhase;
			buildActionMask = 2147483647;
			files = (
			);
			runOnlyForDeploymentPostprocessing = 0;
		};
/* End PBXResourcesBuildPhase section */

/* Begin PBXSourcesBuildPhase section */
		AB67CF0A2E305EDF001115A9 /* Sources */ = {
			isa = PBXSourcesBuildPhase;
			buildActionMask = 2147483647;
			files = (
				AB67CF422E305F40001115A9 /* ContentView.swift in Sources */,
				AB67CF432E305F40001115A9 /* FirCounselingCheckinApp.swift in Sources */,
				AB67CF442E305F40001115A9 /* Item.swift in Sources */,
			);
			runOnlyForDeploymentPostprocessing = 0;
		};
		AB67CF1A2E305EE1001115A9 /* Sources */ = {
			isa = PBXSourcesBuildPhase;
			buildActionMask = 2147483647;
			files = (
				AB67CF472E305F42001115A9 /* FirCounselingCheckinTests.swift in Sources */,
			);
			runOnlyForDeploymentPostprocessing = 0;
		};
		AB67CF242E305EE1001115A9 /* Sources */ = {
			isa = PBXSourcesBuildPhase;
			buildActionMask = 2147483647;
			files = (
				AB67CF4B2E305F44001115A9 /* FirCounselingCheckinUITests.swift in Sources */,
				AB67CF4C2E305F44001115A9 /* FirCounselingCheckinUITestsLaunchTests.swift in Sources */,
			);
			runOnlyForDeploymentPostprocessing = 0;
		};
/* End PBXSourcesBuildPhase section */

/* Begin PBXTargetDependency section */
		AB67CF202E305EE1001115A9 /* PBXTargetDependency */ = {
			isa = PBXTargetDependency;
			target = AB67CF0D2E305EDF001115A9 /* FirCounselingCheckin */;
			targetProxy = AB67CF1F2E305EE1001115A9 /* PBXContainerItemProxy */;
		};
		AB67CF2A2E305EE1001115A9 /* PBXTargetDependency */ = {
			isa = PBXTargetDependency;
			target = AB67CF0D2E305EDF001115A9 /* FirCounselingCheckin */;
			targetProxy = AB67CF292E305EE1001115A9 /* PBXContainerItemProxy */;
		};
/* End PBXTargetDependency section */

/* Begin XCBuildConfiguration section */
		AB67CF302E305EE1001115A9 /* Debug */ = {
			isa = XCBuildConfiguration;
			buildSettings = {
				ALWAYS_SEARCH_USER_PATHS = NO;
				ASSETCATALOG_COMPILER_GENERATE_SWIFT_ASSET_SYMBOL_EXTENSIONS = YES;
				CLANG_ANALYZER_NONNULL = YES;
				CLANG_ANALYZER_NUMBER_OBJECT_CONVERSION = YES_AGGRESSIVE;
				CLANG_CXX_LANGUAGE_STANDARD = "gnu++20";
				CLANG_ENABLE_MODULES = YES;
				CLANG_ENABLE_OBJC_ARC = YES;
				CLANG_ENABLE_OBJC_WEAK = YES;
				CLANG_WARN_BLOCK_CAPTURE_AUTORELEASING = YES;
				CLANG_WARN_BOOL_CONVERSION = YES;
				CLANG_WARN_COMMA = YES;
				CLANG_WARN_CONSTANT_CONVERSION = YES;
				CLANG_WARN_DEPRECATED_OBJC_IMPLEMENTATIONS = YES;
				CLANG_WARN_DIRECT_OBJC_ISA_USAGE = YES_ERROR;
				CLANG_WARN_DOCUMENTATION_COMMENTS = YES;
				CLANG_WARN_EMPTY_BODY = YES;
				CLANG_WARN_ENUM_CONVERSION = YES;
				CLANG_WARN_INFINITE_RECURSION = YES;
				CLANG_WARN_INT_CONVERSION = YES;
				CLANG_WARN_NON_LITERAL_NULL_CONVERSION = YES;
				CLANG_WARN_OBJC_IMPLICIT_RETAIN_SELF = YES;
				CLANG_WARN_OBJC_LITERAL_CONVERSION = YES;
				CLANG_WARN_OBJC_ROOT_CLASS = YES_ERROR;
				CLANG_WARN_QUOTED_INCLUDE_IN_FRAMEWORK_HEADER = YES;
				CLANG_WARN_RANGE_LOOP_ANALYSIS = YES;
				CLANG_WARN_STRICT_PROTOTYPES = YES;
				CLANG_WARN_SUSPICIOUS_MOVE = YES;
				CLANG_WARN_UNGUARDED_AVAILABILITY = YES_AGGRESSIVE;
				CLANG_WARN_UNREACHABLE_CODE = YES;
				CLANG_WARN__DUPLICATE_METHOD_MATCH = YES;
				COPY_PHASE_STRIP = NO;
				DEBUG_INFORMATION_FORMAT = dwarf;
				DEVELOPMENT_TEAM = 227FGD37B4;
				ENABLE_STRICT_OBJC_MSGSEND = YES;
				ENABLE_TESTABILITY = YES;
				ENABLE_USER_SCRIPT_SANDBOXING = YES;
				GCC_C_LANGUAGE_STANDARD = gnu17;
				GCC_DYNAMIC_NO_PIC = NO;
				GCC_NO_COMMON_BLOCKS = YES;
				GCC_OPTIMIZATION_LEVEL = 0;
				GCC_PREPROCESSOR_DEFINITIONS = (
					"DEBUG=1",
					"$(inherited)",
				);
				GCC_WARN_64_TO_32_BIT_CONVERSION = YES;
				GCC_WARN_ABOUT_RETURN_TYPE = YES_ERROR;
				GCC_WARN_UNDECLARED_SELECTOR = YES;
				GCC_WARN_UNINITIALIZED_AUTOS = YES_AGGRESSIVE;
				GCC_WARN_UNUSED_FUNCTION = YES;
				GCC_WARN_UNUSED_VARIABLE = YES;
				LOCALIZATION_PREFERS_STRING_CATALOGS = YES;
				MTL_ENABLE_DEBUG_INFO = INCLUDE_SOURCE;
				MTL_FAST_MATH = YES;
				ONLY_ACTIVE_ARCH = YES;
				SWIFT_ACTIVE_COMPILATION_CONDITIONS = "DEBUG $(inherited)";
				SWIFT_OPTIMIZATION_LEVEL = "-Onone";
			};
			name = Debug;
		};
		AB67CF312E305EE1001115A9 /* Release */ = {
			isa = XCBuildConfiguration;
			buildSettings = {
				ALWAYS_SEARCH_USER_PATHS = NO;
				ASSETCATALOG_COMPILER_GENERATE_SWIFT_ASSET_SYMBOL_EXTENSIONS = YES;
				CLANG_ANALYZER_NONNULL = YES;
				CLANG_ANALYZER_NUMBER_OBJECT_CONVERSION = YES_AGGRESSIVE;
				CLANG_CXX_LANGUAGE_STANDARD = "gnu++20";
				CLANG_ENABLE_MODULES = YES;
				CLANG_ENABLE_OBJC_ARC = YES;
				CLANG_ENABLE_OBJC_WEAK = YES;
				CLANG_WARN_BLOCK_CAPTURE_AUTORELEASING = YES;
				CLANG_WARN_BOOL_CONVERSION = YES;
				CLANG_WARN_COMMA = YES;
				CLANG_WARN_CONSTANT_CONVERSION = YES;
				CLANG_WARN_DEPRECATED_OBJC_IMPLEMENTATIONS = YES;
				CLANG_WARN_DIRECT_OBJC_ISA_USAGE = YES_ERROR;
				CLANG_WARN_DOCUMENTATION_COMMENTS = YES;
				CLANG_WARN_EMPTY_BODY = YES;
				CLANG_WARN_ENUM_CONVERSION = YES;
				CLANG_WARN_INFINITE_RECURSION = YES;
				CLANG_WARN_INT_CONVERSION = YES;
				CLANG_WARN_NON_LITERAL_NULL_CONVERSION = YES;
				CLANG_WARN_OBJC_IMPLICIT_RETAIN_SELF = YES;
				CLANG_WARN_OBJC_LITERAL_CONVERSION = YES;
				CLANG_WARN_OBJC_ROOT_CLASS = YES_ERROR;
				CLANG_WARN_QUOTED_INCLUDE_IN_FRAMEWORK_HEADER = YES;
				CLANG_WARN_RANGE_LOOP_ANALYSIS = YES;
				CLANG_WARN_STRICT_PROTOTYPES = YES;
				CLANG_WARN_SUSPICIOUS_MOVE = YES;
				CLANG_WARN_UNGUARDED_AVAILABILITY = YES_AGGRESSIVE;
				CLANG_WARN_UNREACHABLE_CODE = YES;
				CLANG_WARN__DUPLICATE_METHOD_MATCH = YES;
				COPY_PHASE_STRIP = NO;
				DEBUG_INFORMATION_FORMAT = "dwarf-with-dsym";
				DEVELOPMENT_TEAM = 227FGD37B4;
				ENABLE_NS_ASSERTIONS = NO;
				ENABLE_STRICT_OBJC_MSGSEND = YES;
				ENABLE_USER_SCRIPT_SANDBOXING = YES;
				GCC_C_LANGUAGE_STANDARD = gnu17;
				GCC_NO_COMMON_BLOCKS = YES;
				GCC_WARN_64_TO_32_BIT_CONVERSION = YES;
				GCC_WARN_ABOUT_RETURN_TYPE = YES_ERROR;
				GCC_WARN_UNDECLARED_SELECTOR = YES;
				GCC_WARN_UNINITIALIZED_AUTOS = YES_AGGRESSIVE;
				GCC_WARN_UNUSED_FUNCTION = YES;
				GCC_WARN_UNUSED_VARIABLE = YES;
				LOCALIZATION_PREFERS_STRING_CATALOGS = YES;
				MTL_ENABLE_DEBUG_INFO = NO;
				MTL_FAST_MATH = YES;
				SWIFT_COMPILATION_MODE = wholemodule;
			};
			name = Release;
		};
		AB67CF332E305EE1001115A9 /* Debug */ = {
			isa = XCBuildConfiguration;
			buildSettings = {
				ASSETCATALOG_COMPILER_APPICON_NAME = AppIcon;
				ASSETCATALOG_COMPILER_GLOBAL_ACCENT_COLOR_NAME = AccentColor;
				CODE_SIGN_ENTITLEMENTS = FirCounselingCheckin/FirCounselingCheckin.entitlements;
				CODE_SIGN_STYLE = Automatic;
				CURRENT_PROJECT_VERSION = 1;
				DEVELOPMENT_TEAM = 227FGD37B4;
				ENABLE_HARDENED_RUNTIME = YES;
				ENABLE_PREVIEWS = YES;
				GENERATE_INFOPLIST_FILE = YES;
				"INFOPLIST_KEY_UIApplicationSceneManifest_Generation[sdk=iphoneos*]" = YES;
				"INFOPLIST_KEY_UIApplicationSceneManifest_Generation[sdk=iphonesimulator*]" = YES;
				"INFOPLIST_KEY_UIApplicationSupportsIndirectInputEvents[sdk=iphoneos*]" = YES;
				"INFOPLIST_KEY_UIApplicationSupportsIndirectInputEvents[sdk=iphonesimulator*]" = YES;
				"INFOPLIST_KEY_UILaunchScreen_Generation[sdk=iphoneos*]" = YES;
				"INFOPLIST_KEY_UILaunchScreen_Generation[sdk=iphonesimulator*]" = YES;
				"INFOPLIST_KEY_UIStatusBarStyle[sdk=iphoneos*]" = UIStatusBarStyleDefault;
				"INFOPLIST_KEY_UIStatusBarStyle[sdk=iphonesimulator*]" = UIStatusBarStyleDefault;
				INFOPLIST_KEY_UISupportedInterfaceOrientations = UIInterfaceOrientationPortrait;
				INFOPLIST_KEY_UISupportedInterfaceOrientations_iPad = "UIInterfaceOrientationLandscapeLeft UIInterfaceOrientationLandscapeRight UIInterfaceOrientationPortrait UIInterfaceOrientationPortraitUpsideDown";
				IPHONEOS_DEPLOYMENT_TARGET = 18.0;
				LD_RUNPATH_SEARCH_PATHS = "@executable_path/Frameworks";
				"LD_RUNPATH_SEARCH_PATHS[sdk=macosx*]" = "@executable_path/../Frameworks";
				MACOSX_DEPLOYMENT_TARGET = 14.0;
				MARKETING_VERSION = 1.0;
				PRODUCT_BUNDLE_IDENTIFIER = dev.simonomi.FirCounselingCheckin;
				PRODUCT_NAME = "$(TARGET_NAME)";
				REGISTER_APP_GROUPS = YES;
				SDKROOT = auto;
				SUPPORTED_PLATFORMS = "iphoneos iphonesimulator macosx";
				SUPPORTS_MACCATALYST = NO;
				SWIFT_EMIT_LOC_STRINGS = YES;
				SWIFT_VERSION = 5.0;
				TARGETED_DEVICE_FAMILY = "1,2";
				XROS_DEPLOYMENT_TARGET = 2.5;
			};
			name = Debug;
		};
		AB67CF342E305EE1001115A9 /* Release */ = {
			isa = XCBuildConfiguration;
			buildSettings = {
				ASSETCATALOG_COMPILER_APPICON_NAME = AppIcon;
				ASSETCATALOG_COMPILER_GLOBAL_ACCENT_COLOR_NAME = AccentColor;
				CODE_SIGN_ENTITLEMENTS = FirCounselingCheckin/FirCounselingCheckin.entitlements;
				CODE_SIGN_STYLE = Automatic;
				CURRENT_PROJECT_VERSION = 1;
				DEVELOPMENT_TEAM = 227FGD37B4;
				ENABLE_HARDENED_RUNTIME = YES;
				ENABLE_PREVIEWS = YES;
				GENERATE_INFOPLIST_FILE = YES;
				"INFOPLIST_KEY_UIApplicationSceneManifest_Generation[sdk=iphoneos*]" = YES;
				"INFOPLIST_KEY_UIApplicationSceneManifest_Generation[sdk=iphonesimulator*]" = YES;
				"INFOPLIST_KEY_UIApplicationSupportsIndirectInputEvents[sdk=iphoneos*]" = YES;
				"INFOPLIST_KEY_UIApplicationSupportsIndirectInputEvents[sdk=iphonesimulator*]" = YES;
				"INFOPLIST_KEY_UILaunchScreen_Generation[sdk=iphoneos*]" = YES;
				"INFOPLIST_KEY_UILaunchScreen_Generation[sdk=iphonesimulator*]" = YES;
				"INFOPLIST_KEY_UIStatusBarStyle[sdk=iphoneos*]" = UIStatusBarStyleDefault;
				"INFOPLIST_KEY_UIStatusBarStyle[sdk=iphonesimulator*]" = UIStatusBarStyleDefault;
				INFOPLIST_KEY_UISupportedInterfaceOrientations = UIInterfaceOrientationPortrait;
				INFOPLIST_KEY_UISupportedInterfaceOrientations_iPad = "UIInterfaceOrientationLandscapeLeft UIInterfaceOrientationLandscapeRight UIInterfaceOrientationPortrait UIInterfaceOrientationPortraitUpsideDown";
				IPHONEOS_DEPLOYMENT_TARGET = 18.0;
				LD_RUNPATH_SEARCH_PATHS = "@executable_path/Frameworks";
				"LD_RUNPATH_SEARCH_PATHS[sdk=macosx*]" = "@executable_path/../Frameworks";
				MACOSX_DEPLOYMENT_TARGET = 14.0;
				MARKETING_VERSION = 1.0;
				PRODUCT_BUNDLE_IDENTIFIER = dev.simonomi.FirCounselingCheckin;
				PRODUCT_NAME = "$(TARGET_NAME)";
				REGISTER_APP_GROUPS = YES;
				SDKROOT = auto;
				SUPPORTED_PLATFORMS = "iphoneos iphonesimulator macosx";
				SUPPORTS_MACCATALYST = NO;
				SWIFT_EMIT_LOC_STRINGS = YES;
				SWIFT_VERSION = 5.0;
				TARGETED_DEVICE_FAMILY = "1,2";
				XROS_DEPLOYMENT_TARGET = 2.5;
			};
			name = Release;
		};
		AB67CF362E305EE1001115A9 /* Debug */ = {
			isa = XCBuildConfiguration;
			buildSettings = {
				BUNDLE_LOADER = "$(TEST_HOST)";
				CODE_SIGN_STYLE = Automatic;
				CURRENT_PROJECT_VERSION = 1;
				DEVELOPMENT_TEAM = 227FGD37B4;
				GENERATE_INFOPLIST_FILE = YES;
				IPHONEOS_DEPLOYMENT_TARGET = 18.5;
				MACOSX_DEPLOYMENT_TARGET = 15.5;
				MARKETING_VERSION = 1.0;
				PRODUCT_BUNDLE_IDENTIFIER = dev.simonomi.FirCounselingCheckinTests;
				PRODUCT_NAME = "$(TARGET_NAME)";
				SDKROOT = auto;
				SUPPORTED_PLATFORMS = "iphoneos iphonesimulator macosx xros xrsimulator";
				SWIFT_EMIT_LOC_STRINGS = NO;
				SWIFT_VERSION = 5.0;
				TARGETED_DEVICE_FAMILY = "1,2,7";
				TEST_HOST = "$(BUILT_PRODUCTS_DIR)/FirCounselingCheckin.app/$(BUNDLE_EXECUTABLE_FOLDER_PATH)/FirCounselingCheckin";
				XROS_DEPLOYMENT_TARGET = 2.5;
			};
			name = Debug;
		};
		AB67CF372E305EE1001115A9 /* Release */ = {
			isa = XCBuildConfiguration;
			buildSettings = {
				BUNDLE_LOADER = "$(TEST_HOST)";
				CODE_SIGN_STYLE = Automatic;
				CURRENT_PROJECT_VERSION = 1;
				DEVELOPMENT_TEAM = 227FGD37B4;
				GENERATE_INFOPLIST_FILE = YES;
				IPHONEOS_DEPLOYMENT_TARGET = 18.5;
				MACOSX_DEPLOYMENT_TARGET = 15.5;
				MARKETING_VERSION = 1.0;
				PRODUCT_BUNDLE_IDENTIFIER = dev.simonomi.FirCounselingCheckinTests;
				PRODUCT_NAME = "$(TARGET_NAME)";
				SDKROOT = auto;
				SUPPORTED_PLATFORMS = "iphoneos iphonesimulator macosx xros xrsimulator";
				SWIFT_EMIT_LOC_STRINGS = NO;
				SWIFT_VERSION = 5.0;
				TARGETED_DEVICE_FAMILY = "1,2,7";
				TEST_HOST = "$(BUILT_PRODUCTS_DIR)/FirCounselingCheckin.app/$(BUNDLE_EXECUTABLE_FOLDER_PATH)/FirCounselingCheckin";
				XROS_DEPLOYMENT_TARGET = 2.5;
			};
			name = Release;
		};
		AB67CF392E305EE1001115A9 /* Debug */ = {
			isa = XCBuildConfiguration;
			buildSettings = {
				CODE_SIGN_STYLE = Automatic;
				CURRENT_PROJECT_VERSION = 1;
				DEVELOPMENT_TEAM = 227FGD37B4;
				GENERATE_INFOPLIST_FILE = YES;
				IPHONEOS_DEPLOYMENT_TARGET = 18.5;
				MACOSX_DEPLOYMENT_TARGET = 15.5;
				MARKETING_VERSION = 1.0;
				PRODUCT_BUNDLE_IDENTIFIER = dev.simonomi.FirCounselingCheckinUITests;
				PRODUCT_NAME = "$(TARGET_NAME)";
				SDKROOT = auto;
				SUPPORTED_PLATFORMS = "iphoneos iphonesimulator macosx xros xrsimulator";
				SWIFT_EMIT_LOC_STRINGS = NO;
				SWIFT_VERSION = 5.0;
				TARGETED_DEVICE_FAMILY = "1,2,7";
				TEST_TARGET_NAME = FirCounselingCheckin;
				XROS_DEPLOYMENT_TARGET = 2.5;
			};
			name = Debug;
		};
		AB67CF3A2E305EE1001115A9 /* Release */ = {
			isa = XCBuildConfiguration;
			buildSettings = {
				CODE_SIGN_STYLE = Automatic;
				CURRENT_PROJECT_VERSION = 1;
				DEVELOPMENT_TEAM = 227FGD37B4;
				GENERATE_INFOPLIST_FILE = YES;
				IPHONEOS_DEPLOYMENT_TARGET = 18.5;
				MACOSX_DEPLOYMENT_TARGET = 15.5;
				MARKETING_VERSION = 1.0;
				PRODUCT_BUNDLE_IDENTIFIER = dev.simonomi.FirCounselingCheckinUITests;
				PRODUCT_NAME = "$(TARGET_NAME)";
				SDKROOT = auto;
				SUPPORTED_PLATFORMS = "iphoneos iphonesimulator macosx xros xrsimulator";
				SWIFT_EMIT_LOC_STRINGS = NO;
				SWIFT_VERSION = 5.0;
				TARGETED_DEVICE_FAMILY = "1,2,7";
				TEST_TARGET_NAME = FirCounselingCheckin;
				XROS_DEPLOYMENT_TARGET = 2.5;
			};
			name = Release;
		};
/* End XCBuildConfiguration section */

/* Begin XCConfigurationList section */
		AB67CF092E305EDF001115A9 /* Build configuration list for PBXProject "FirCounselingCheckin" */ = {
			isa = XCConfigurationList;
			buildConfigurations = (
				AB67CF302E305EE1001115A9 /* Debug */,
				AB67CF312E305EE1001115A9 /* Release */,
			);
			defaultConfigurationIsVisible = 0;
			defaultConfigurationName = Release;
		};
		AB67CF322E305EE1001115A9 /* Build configuration list for PBXNativeTarget "FirCounselingCheckin" */ = {
			isa = XCConfigurationList;
			buildConfigurations = (
				AB67CF332E305EE1001115A9 /* Debug */,
				AB67CF342E305EE1001115A9 /* Release */,
			);
			defaultConfigurationIsVisible = 0;
			defaultConfigurationName = Release;
		};
		AB67CF352E305EE1001115A9 /* Build configuration list for PBXNativeTarget "FirCounselingCheckinTests" */ = {
			isa = XCConfigurationList;
			buildConfigurations = (
				AB67CF362E305EE1001115A9 /* Debug */,
				AB67CF372E305EE1001115A9 /* Release */,
			);
			defaultConfigurationIsVisible = 0;
			defaultConfigurationName = Release;
		};
		AB67CF382E305EE1001115A9 /* Build configuration list for PBXNativeTarget "FirCounselingCheckinUITests" */ = {
			isa = XCConfigurationList;
			buildConfigurations = (
				AB67CF392E305EE1001115A9 /* Debug */,
				AB67CF3A2E305EE1001115A9 /* Release */,
			);
			defaultConfigurationIsVisible = 0;
			defaultConfigurationName = Release;
		};
/* End XCConfigurationList section */
	};
	rootObject = AB67CF062E305EDF001115A9 /* Project object */;
}
